<?xml version="1.0" encoding="UTF-8" standalone="yes" ?>
<CodeBlocks_project_file>
	<FileVersion major="1" minor="6" />
	<Project>
		<Option title="Test COM algorithm" />
		<Option pch_mode="2" />
		<Option compiler="gcc" />
		<Build>
			<Target title="Debug">
				<Option output="bin/Debug/Test COM algorithm" prefix_auto="1" extension_auto="1" />
				<Option object_output="obj/Debug/" />
				<Option type="1" />
				<Option compiler="gcc" />
				<Compiler>
					<Add option="-g" />
					<Add option="-DTOUCH_OFFLINE_TEST" />
					<Add directory="../../../../driver/key_driver/AzIntegTouchKeyDrv/inc" />
					<Add directory="../../../BnO_fs1" />
					<Add directory="../Test COM algorithm" />
				</Compiler>
			</Target>
			<Target title="Release">
				<Option output="bin/Release/Test COM algorithm" prefix_auto="1" extension_auto="1" />
				<Option object_output="obj/Release/" />
				<Option type="1" />
				<Option compiler="gcc" />
				<Compiler>
					<Add option="-O2" />
				</Compiler>
				<Linker>
					<Add option="-s" />
				</Linker>
			</Target>
		</Build>
		<Compiler>
			<Add option="-Wall" />
		</Compiler>
		<Unit filename="../../../../driver/key_driver/AzIntegTouchKeyDrv/inc/Gestures.h" />
		<Unit filename="../../../../driver/key_driver/AzIntegTouchKeyDrv/src/Gestures.c">
			<Option compilerVar="CC" />
		</Unit>
		<Unit filename="../../product.config" />
		<Unit filename="main.h" />
		<Unit filename="touch_data.c">
			<Option compilerVar="CC" />
		</Unit>
		<Unit filename="touch_data.h" />
		<Extensions>
			<code_completion />
			<envvars />
			<debugger />
			<lib_finder disable_auto="1" />
		</Extensions>
	</Project>
</CodeBlocks_project_file>
